{
  "name": "native-ast",
  "version": "0.0.1",
  "lockfileVersion": 3,
  "requires": true,
  "packages": {
    "": {
      "name": "native-ast",
      "version": "0.0.1",
      "dependencies": {
        "@tree-sitter-grammars/tree-sitter-kotlin": "^1.1.0",
        "web-tree-sitter": "0.25.10"
      },
      "devDependencies": {
        "tree-sitter": "0.25.1",
        "tree-sitter-swift": "0.7.1"
      }
    },
    "node_modules/@tree-sitter-grammars/tree-sitter-kotlin": {
      "version": "1.1.0",
      "resolved": "https://registry.npmjs.org/@tree-sitter-grammars/tree-sitter-kotlin/-/tree-sitter-kotlin-1.1.0.tgz",
      "integrity": "sha512-vlVXaxEE8t2kpJgfZpa8XVvxcnKw9AYtRTgy7KWjsDmAsadk06RxAT80IXOgGQnmM9i/orQn1nD84gPNUHu6DQ==",
      "hasInstallScript": true,
      "license": "MIT",
      "dependencies": {
        "node-addon-api": "^8.3.0",
        "node-gyp-build": "^4.8.4",
        "npm-check-updates": "^17.1.13"
      },
      "peerDependencies": {
        "tree-sitter": "^0.22.4"
      },
      "peerDependenciesMeta": {
        "tree-sitter": {
          "optional": true
        }
      }
    },
    "node_modules/isexe": {
      "version": "2.0.0",
      "resolved": "https://registry.npmjs.org/isexe/-/isexe-2.0.0.tgz",
      "integrity": "sha512-RHxMLp9lnKHGHRng9QFhRCMbYAcVpn69smSGcq3f36xjgVVWThj4qqLbTLlq7Ssj8B+fIQ1EuCEGI2lKsyQeIw==",
      "dev": true,
      "license": "ISC"
    },
    "node_modules/node-addon-api": {
      "version": "8.9.2",
      "resolved": "https://registry.npmjs.org/node-addon-api/-/node-addon-api-8.9.2.tgz",
      "integrity": "sha512-VijLXbi3UACN69I0JVXJsX4tjACjNoQDgv2gTF6sx2wWEi8tkSg2eX8p5gSIFi8z2+DL3oHmY6OyKce38SDolg==",
      "license": "MIT",
      "engines": {
        "node": "^18 || ^20 || >= 21"
      }
    },
    "node_modules/node-gyp-build": {
      "version": "4.8.4",
      "resolved": "https://registry.npmjs.org/node-gyp-build/-/node-gyp-build-4.8.4.tgz",
      "integrity": "sha512-LA4ZjwlnUblHVgq0oBF3Jl/6h/Nvs5fzBLwdEF4nuxnFdsfajde4WfxtJr3CaiH+F6ewcIB/q4jQ4UzPyid+CQ==",
      "license": "MIT",
      "bin": {
        "node-gyp-build": "bin.js",
        "node-gyp-build-optional": "optional.js",
        "node-gyp-build-test": "build-test.js"
      }
    },
    "node_modules/npm-check-updates": {
      "version": "17.1.18",
      "resolved": "https://registry.npmjs.org/npm-check-updates/-/npm-check-updates-17.1.18.tgz",
      "integrity": "sha512-bkUy2g4v1i+3FeUf5fXMLbxmV95eG4/sS7lYE32GrUeVgQRfQEk39gpskksFunyaxQgTIdrvYbnuNbO/pSUSqw==",
      "license": "Apache-2.0",
      "bin": {
        "ncu": "build/cli.js",
        "npm-check-updates": "build/cli.js"
      },
      "engines": {
        "node": "^18.18.0 || >=20.0.0",
        "npm": ">=8.12.1"
      }
    },
    "node_modules/tree-sitter": {
      "version": "0.25.1",
      "resolved": "https://registry.npmjs.org/tree-sitter/-/tree-sitter-0.25.1.tgz",
      "integrity": "sha512-mrcEdkYtHfrK1A6fs3O6FxkBo0Qig5XUXqHhxUOQu0bmPo00QF4XaSx4edpazdHwxnSCjlGKGgIqWdaN4dvTLA==",
      "devOptional": true,
      "hasInstallScript": true,
      "license": "MIT",
      "dependencies": {
        "node-addon-api": "^8.5.0",
        "node-gyp-build": "^4.8.4"
      }
    },
    "node_modules/tree-sitter-cli": {
      "version": "0.23.2",
      "resolved": "https://registry.npmjs.org/tree-sitter-cli/-/tree-sitter-cli-0.23.2.tgz",
      "integrity": "sha512-kPPXprOqREX+C/FgUp2Qpt9jd0vSwn+hOgjzVv/7hapdoWpa+VeWId53rf4oNNd29ikheF12BYtGD/W90feMbA==",
      "dev": true,
      "hasInstallScript": true,
      "license": "MIT",
      "bin": {
        "tree-sitter": "cli.js"
      },
      "engines": {
        "node": ">=12.0.0"
      }
    },
    "node_modules/tree-sitter-swift": {
      "version": "0.7.1",
      "resolved": "https://registry.npmjs.org/tree-sitter-swift/-/tree-sitter-swift-0.7.1.tgz",
      "integrity": "sha512-pneKVTuGamaBsqqqfB9BvNQjktzh/0IVPR54jLB5Fq/JTDQwYHd0Wo6pVyZ5jAYpbztzq+rJ/rpL9ruxTmSoKw==",
      "dev": true,
      "hasInstallScript": true,
      "license": "MIT",
      "dependencies": {
        "node-addon-api": "^8.0.0",
        "node-gyp-build": "^4.8.0",
        "tree-sitter-cli": "^0.23",
        "which": "2.0.2"
      },
      "peerDependencies": {
        "tree-sitter": "^0.22.1"
      },
      "peerDependenciesMeta": {
        "tree_sitter": {
          "optional": true
        }
      }
    },
    "node_modules/web-tree-sitter": {
      "version": "0.25.10",
      "resolved": "https://registry.npmjs.org/web-tree-sitter/-/web-tree-sitter-0.25.10.tgz",
      "integrity": "sha512-Y09sF44/13XvgVKgO2cNDw5rGk6s26MgoZPXLESvMXeefBf7i6/73eFurre0IsTW6E14Y0ArIzhUMmjoc7xyzA==",
      "license": "MIT",
      "peerDependencies": {
        "@types/emscripten": "^1.40.0"
      },
      "peerDependenciesMeta": {
        "@types/emscripten": {
          "optional": true
        }
      }
    },
    "node_modules/which": {
      "version": "2.0.2",
      "resolved": "https://registry.npmjs.org/which/-/which-2.0.2.tgz",
      "integrity": "sha512-BLI3Tl1TW3Pvl70l3yq3Y64i+awpwXqsGBYWkkqMtnbXgrMD+yj7rhW0kuEDxzJaYXGjEW5ogapKNMEKNMjibA==",
      "dev": true,
      "license": "ISC",
      "dependencies": {
        "isexe": "^2.0.0"
      },
      "bin": {
        "node-which": "bin/node-which"
      },
      "engines": {
        "node": ">= 8"
      }
    }
  }
}
